
Microsoft Visual Studio Solution File, Format Version 12.00
# Visual Studio Version 17
VisualStudioVersion = 17.6.33815.320
MinimumVisualStudioVersion = 10.0.40219.1
Project("{FAE04EC0-301F-11D3-BF4B-00C04F79EFBC}") = "Api-Bussiness", "Api-Bussiness\Api-Bussiness.csproj", "{403DE40B-6CC5-4D99-BEC3-32245AA98290}"
EndProject
Global
	GlobalSection(SolutionConfigurationPlatforms) = preSolution
		Debug|Any CPU = Debug|Any CPU
		Release|Any CPU = Release|Any CPU
	EndGlobalSection
	GlobalSection(ProjectConfigurationPlatforms) = postSolution
		{403DE40B-6CC5-4D99-BEC3-32245AA98290}.Debug|Any CPU.ActiveCfg = Debug|Any CPU
		{403DE40B-6CC5-4D99-BEC3-32245AA98290}.Debug|Any CPU.Build.0 = Debug|Any CPU
		{403DE40B-6CC5-4D99-BEC3-32245AA98290}.Release|Any CPU.ActiveCfg = Release|Any CPU
		{403DE40B-6CC5-4D99-BEC3-32245AA98290}.Release|Any CPU.Build.0 = Release|Any CPU
	EndGlobalSection
	GlobalSection(SolutionProperties) = preSolution
		HideSolutionNode = FALSE
	EndGlobalSection
	GlobalSection(ExtensibilityGlobals) = postSolution
		SolutionGuid = {DD4173D6-19DC-4536-B0D9-4BC1CFBA353D}
	EndGlobalSection
EndGlobal
